
Microsoft Visual Studio Solution File, Format Version 12.00
# Visual Studio Version 17
VisualStudioVersion = 17.9.34701.34
MinimumVisualStudioVersion = 10.0.40219.1
Project("{FAE04EC0-301F-11D3-BF4B-00C04F79EFBC}") = "xogame", "xogame.csproj", "{766D107B-1E21-4A8A-946E-BC08F14CBF63}"
EndProject
Global
	GlobalSection(SolutionConfigurationPlatforms) = preSolution
		Debug|Any CPU = Debug|Any CPU
		Release|Any CPU = Release|Any CPU
	EndGlobalSection
	GlobalSection(ProjectConfigurationPlatforms) = postSolution
		{766D107B-1E21-4A8A-946E-BC08F14CBF63}.Debug|Any CPU.ActiveCfg = Debug|Any CPU
		{766D107B-1E21-4A8A-946E-BC08F14CBF63}.Debug|Any CPU.Build.0 = Debug|Any CPU
		{766D107B-1E21-4A8A-946E-BC08F14CBF63}.Release|Any CPU.ActiveCfg = Release|Any CPU
		{766D107B-1E21-4A8A-946E-BC08F14CBF63}.Release|Any CPU.Build.0 = Release|Any CPU
	EndGlobalSection
	GlobalSection(SolutionProperties) = preSolution
		HideSolutionNode = FALSE
	EndGlobalSection
	GlobalSection(ExtensibilityGlobals) = postSolution
		SolutionGuid = {53C1983E-E3EE-492A-B50E-2E3704D449A1}
	EndGlobalSection
EndGlobal
